
Microsoft Visual Studio Solution File, Format Version 12.00
# Visual Studio Version 17
VisualStudioVersion = 17.2.32616.157
MinimumVisualStudioVersion = 10.0.40219.1
Project("{8BC9CEB8-8B4A-11D0-8D11-00A0C91BC942}") = "HelloWorld", "CoisasEmCmaismais\CoisasEmCmaismais.vcxproj", "{893136C1-AECF-4EC2-8392-C22839300C6E}"
EndProject
Project("{8BC9CEB8-8B4A-11D0-8D11-00A0C91BC942}") = "Variables and Data Types", "Variables and Data Types\Variables and Data Types.vcxproj", "{48145AF2-79B4-40CD-8413-5809AA5B4FD2}"
EndProject
Project("{8BC9CEB8-8B4A-11D0-8D11-00A0C91BC942}") = "Constants", "Constants\Constants.vcxproj", "{FABCA82E-D2EF-4565-8F17-12727D304C09}"
EndProject
Project("{8BC9CEB8-8B4A-11D0-8D11-00A0C91BC942}") = "Namespaces", "Namespaces\Namespaces.vcxproj", "{9BE0E3AA-1C3A-4BB9-979E-6C927C12E8B9}"
EndProject
Project("{8BC9CEB8-8B4A-11D0-8D11-00A0C91BC942}") = "Typedef and type aliases", "Typedef and type aliases\Typedef and type aliases.vcxproj", "{EC863232-74D1-46FE-852A-6C32C3019B09}"
EndProject
Project("{8BC9CEB8-8B4A-11D0-8D11-00A0C91BC942}") = "Arithmetic Operators", "Arithmetic Operators\Arithmetic Operators.vcxproj", "{8C736A25-B63B-428D-B243-9BD250109786}"
EndProject
Project("{8BC9CEB8-8B4A-11D0-8D11-00A0C91BC942}") = "Type Conversion", "Type Conversion\Type Conversion.vcxproj", "{41451B0C-C428-4655-A892-4F5A5326EA00}"
EndProject
Project("{8BC9CEB8-8B4A-11D0-8D11-00A0C91BC942}") = "User Input", "User Input\User Input.vcxproj", "{CDA089AC-356F-4520-BF2F-48236680080C}"
EndProject
Project("{8BC9CEB8-8B4A-11D0-8D11-00A0C91BC942}") = "Useful math functions", "Useful math functions\Useful math functions.vcxproj", "{E751C695-940A-4949-A567-850BE16D6BBE}"
EndProject
Project("{8BC9CEB8-8B4A-11D0-8D11-00A0C91BC942}") = "Hypotenuse Calculator Program", "Hypotenuse Calculator Program\Hypotenuse Calculator Program.vcxproj", "{94189C6E-069F-4C1B-AA9F-1533614A728B}"
EndProject
Project("{8BC9CEB8-8B4A-11D0-8D11-00A0C91BC942}") = "If Statements", "If Statements\If Statements.vcxproj", "{CA3D8582-5652-4551-A40E-234FB98C8819}"
EndProject
Project("{8BC9CEB8-8B4A-11D0-8D11-00A0C91BC942}") = "Switches", "Switches\Switches.vcxproj", "{C50DADB2-96AB-4E32-80C3-1A32BCC8CBDB}"
EndProject
Project("{8BC9CEB8-8B4A-11D0-8D11-00A0C91BC942}") = "Ternary Operator", "Ternary Operator\Ternary Operator.vcxproj", "{FA3413B2-C7A8-4018-810B-70157EAB0CE2}"
EndProject
Project("{8BC9CEB8-8B4A-11D0-8D11-00A0C91BC942}") = "Logical Operators", "Logical Operators\Logical Operators.vcxproj", "{55781FBF-CA06-4496-A0D7-C6D5F21B35FB}"
EndProject
Project("{8BC9CEB8-8B4A-11D0-8D11-00A0C91BC942}") = "Temperature Conversion Program", "Temperature Conversion Program\Temperature Conversion Program.vcxproj", "{A479DBCB-2493-4BCE-961A-47C9F7C826A1}"
EndProject
Project("{8BC9CEB8-8B4A-11D0-8D11-00A0C91BC942}") = "Useful string methods", "Useful string methods\Useful string methods.vcxproj", "{A2571C10-D611-42A5-AC20-7C9833804175}"
EndProject
Project("{8BC9CEB8-8B4A-11D0-8D11-00A0C91BC942}") = "Loops", "Loops\Loops.vcxproj", "{4B767DC4-D798-404C-A8A8-A7AD5C949648}"
EndProject
Project("{8BC9CEB8-8B4A-11D0-8D11-00A0C91BC942}") = "Break and Continue", "Break and Continue\Break and Continue.vcxproj", "{646D2AF8-2DBD-48E5-AFB8-EA233DE8FEBF}"
EndProject
Project("{8BC9CEB8-8B4A-11D0-8D11-00A0C91BC942}") = "Random Numbers", "Random Numbers\Random Numbers.vcxproj", "{2F7C8CA2-4BDB-4823-AB42-F112182CB350}"
EndProject
Project("{8BC9CEB8-8B4A-11D0-8D11-00A0C91BC942}") = "Random Events", "Random Events\Random Events.vcxproj", "{522EC13B-2D6D-411C-A456-B4789E03DA93}"
EndProject
Project("{8BC9CEB8-8B4A-11D0-8D11-00A0C91BC942}") = "Arrays", "Arrays\Arrays.vcxproj", "{859EC4D9-58A7-4594-9510-8109AFB5BFDC}"
EndProject
Project("{8BC9CEB8-8B4A-11D0-8D11-00A0C91BC942}") = "SizeOf()", "SizeOf()\SizeOf().vcxproj", "{B8E3F4FA-6D64-46EF-A250-7BFADB43333C}"
EndProject
Project("{8BC9CEB8-8B4A-11D0-8D11-00A0C91BC942}") = "Omitting the std namespace", "Omitting the std namespace\Omitting the std namespace.vcxproj", "{8218BC5E-18A3-46C8-93FB-6F2AF9661E54}"
EndProject
Project("{8BC9CEB8-8B4A-11D0-8D11-00A0C91BC942}") = "Foreach", "Foreach\Foreach.vcxproj", "{2D6A2E75-EA84-43B0-8325-BBDFBFC54C93}"
EndProject
Project("{8BC9CEB8-8B4A-11D0-8D11-00A0C91BC942}") = "Fill Function", "Fill Function\Fill Function.vcxproj", "{439405A2-4148-45DC-B08D-37998FA0723F}"
EndProject
Project("{8BC9CEB8-8B4A-11D0-8D11-00A0C91BC942}") = "Memory", "Memory\Memory.vcxproj", "{DA1B5AF0-96F6-48F8-B419-EE3B2FD43993}"
EndProject
Project("{8BC9CEB8-8B4A-11D0-8D11-00A0C91BC942}") = "Pass by Value and Reference", "Pass by Value and Reference\Pass by Value and Reference.vcxproj", "{44F166C9-23FF-4A7A-B4B9-1C73455C1A39}"
EndProject
Project("{8BC9CEB8-8B4A-11D0-8D11-00A0C91BC942}") = "Pointers", "Pointers\Pointers.vcxproj", "{8E3B45D9-9A52-49E2-A63E-3D6FEC1B189D}"
EndProject
Project("{8BC9CEB8-8B4A-11D0-8D11-00A0C91BC942}") = "Null Pointers", "Null Pointers\Null Pointers.vcxproj", "{208A1E15-0F4B-4F58-97E0-54B59F24F0FE}"
EndProject
Project("{8BC9CEB8-8B4A-11D0-8D11-00A0C91BC942}") = "Dynamic Memory", "Dynamic Memory\Dynamic Memory.vcxproj", "{EF38461F-EDC6-4ED4-A442-302585CFED0A}"
EndProject
Project("{8BC9CEB8-8B4A-11D0-8D11-00A0C91BC942}") = "Recursion", "Recursion\Recursion.vcxproj", "{90523410-0D49-4EAC-B892-1AC9D65CE8E7}"
EndProject
Project("{8BC9CEB8-8B4A-11D0-8D11-00A0C91BC942}") = "Function Templates", "Function Templates\Function Templates.vcxproj", "{EFCA3147-9EBF-4F41-A47C-5B346B1A1C0D}"
EndProject
Project("{8BC9CEB8-8B4A-11D0-8D11-00A0C91BC942}") = "Structs", "Structs\Structs.vcxproj", "{48B8B209-D9CA-41D4-BDDA-A54DB5F09652}"
EndProject
Project("{8BC9CEB8-8B4A-11D0-8D11-00A0C91BC942}") = "Enums", "Enums\Enums.vcxproj", "{4B3CB132-963D-4C7A-BFB7-8DCE8626E04B}"
EndProject
Project("{8BC9CEB8-8B4A-11D0-8D11-00A0C91BC942}") = "Object Orientation", "Object Orientation\Object Orientation.vcxproj", "{6437C4AC-38CD-4211-92BD-29AC333F85A2}"
EndProject
Project("{8BC9CEB8-8B4A-11D0-8D11-00A0C91BC942}") = "Constructors", "Constructors\Constructors.vcxproj", "{98D61AB0-AD9F-457F-97F6-F8E6CFBC8E46}"
EndProject
Project("{8BC9CEB8-8B4A-11D0-8D11-00A0C91BC942}") = "Getter and Setter", "Getter and Setter\Getter and Setter.vcxproj", "{68B89AB3-3751-4588-A655-939942DE4D02}"
EndProject
Project("{8BC9CEB8-8B4A-11D0-8D11-00A0C91BC942}") = "Inheritance", "Inheritance\Inheritance.vcxproj", "{EAF96530-6B92-4BFE-B3F6-4F0C1ADD9242}"
EndProject
Global
	GlobalSection(SolutionConfigurationPlatforms) = preSolution
		Debug|x64 = Debug|x64
		Debug|x86 = Debug|x86
		Release|x64 = Release|x64
		Release|x86 = Release|x86
	EndGlobalSection
	GlobalSection(ProjectConfigurationPlatforms) = postSolution
		{893136C1-AECF-4EC2-8392-C22839300C6E}.Debug|x64.ActiveCfg = Debug|x64
		{893136C1-AECF-4EC2-8392-C22839300C6E}.Debug|x64.Build.0 = Debug|x64
		{893136C1-AECF-4EC2-8392-C22839300C6E}.Debug|x86.ActiveCfg = Debug|Win32
		{893136C1-AECF-4EC2-8392-C22839300C6E}.Debug|x86.Build.0 = Debug|Win32
		{893136C1-AECF-4EC2-8392-C22839300C6E}.Release|x64.ActiveCfg = Release|x64
		{893136C1-AECF-4EC2-8392-C22839300C6E}.Release|x64.Build.0 = Release|x64
		{893136C1-AECF-4EC2-8392-C22839300C6E}.Release|x86.ActiveCfg = Release|Win32
		{893136C1-AECF-4EC2-8392-C22839300C6E}.Release|x86.Build.0 = Release|Win32
		{48145AF2-79B4-40CD-8413-5809AA5B4FD2}.Debug|x64.ActiveCfg = Debug|x64
		{48145AF2-79B4-40CD-8413-5809AA5B4FD2}.Debug|x64.Build.0 = Debug|x64
		{48145AF2-79B4-40CD-8413-5809AA5B4FD2}.Debug|x86.ActiveCfg = Debug|Win32
		{48145AF2-79B4-40CD-8413-5809AA5B4FD2}.Debug|x86.Build.0 = Debug|Win32
		{48145AF2-79B4-40CD-8413-5809AA5B4FD2}.Release|x64.ActiveCfg = Release|x64
		{48145AF2-79B4-40CD-8413-5809AA5B4FD2}.Release|x64.Build.0 = Release|x64
		{48145AF2-79B4-40CD-8413-5809AA5B4FD2}.Release|x86.ActiveCfg = Release|Win32
		{48145AF2-79B4-40CD-8413-5809AA5B4FD2}.Release|x86.Build.0 = Release|Win32
		{FABCA82E-D2EF-4565-8F17-12727D304C09}.Debug|x64.ActiveCfg = Debug|x64
		{FABCA82E-D2EF-4565-8F17-12727D304C09}.Debug|x64.Build.0 = Debug|x64
		{FABCA82E-D2EF-4565-8F17-12727D304C09}.Debug|x86.ActiveCfg = Debug|Win32
		{FABCA82E-D2EF-4565-8F17-12727D304C09}.Debug|x86.Build.0 = Debug|Win32
		{FABCA82E-D2EF-4565-8F17-12727D304C09}.Release|x64.ActiveCfg = Release|x64
		{FABCA82E-D2EF-4565-8F17-12727D304C09}.Release|x64.Build.0 = Release|x64
		{FABCA82E-D2EF-4565-8F17-12727D304C09}.Release|x86.ActiveCfg = Release|Win32
		{FABCA82E-D2EF-4565-8F17-12727D304C09}.Release|x86.Build.0 = Release|Win32
		{9BE0E3AA-1C3A-4BB9-979E-6C927C12E8B9}.Debug|x64.ActiveCfg = Debug|x64
		{9BE0E3AA-1C3A-4BB9-979E-6C927C12E8B9}.Debug|x64.Build.0 = Debug|x64
		{9BE0E3AA-1C3A-4BB9-979E-6C927C12E8B9}.Debug|x86.ActiveCfg = Debug|Win32
		{9BE0E3AA-1C3A-4BB9-979E-6C927C12E8B9}.Debug|x86.Build.0 = Debug|Win32
		{9BE0E3AA-1C3A-4BB9-979E-6C927C12E8B9}.Release|x64.ActiveCfg = Release|x64
		{9BE0E3AA-1C3A-4BB9-979E-6C927C12E8B9}.Release|x64.Build.0 = Release|x64
		{9BE0E3AA-1C3A-4BB9-979E-6C927C12E8B9}.Release|x86.ActiveCfg = Release|Win32
		{9BE0E3AA-1C3A-4BB9-979E-6C927C12E8B9}.Release|x86.Build.0 = Release|Win32
		{EC863232-74D1-46FE-852A-6C32C3019B09}.Debug|x64.ActiveCfg = Debug|x64
		{EC863232-74D1-46FE-852A-6C32C3019B09}.Debug|x64.Build.0 = Debug|x64
		{EC863232-74D1-46FE-852A-6C32C3019B09}.Debug|x86.ActiveCfg = Debug|Win32
		{EC863232-74D1-46FE-852A-6C32C3019B09}.Debug|x86.Build.0 = Debug|Win32
		{EC863232-74D1-46FE-852A-6C32C3019B09}.Release|x64.ActiveCfg = Release|x64
		{EC863232-74D1-46FE-852A-6C32C3019B09}.Release|x64.Build.0 = Release|x64
		{EC863232-74D1-46FE-852A-6C32C3019B09}.Release|x86.ActiveCfg = Release|Win32
		{EC863232-74D1-46FE-852A-6C32C3019B09}.Release|x86.Build.0 = Release|Win32
		{8C736A25-B63B-428D-B243-9BD250109786}.Debug|x64.ActiveCfg = Debug|x64
		{8C736A25-B63B-428D-B243-9BD250109786}.Debug|x64.Build.0 = Debug|x64
		{8C736A25-B63B-428D-B243-9BD250109786}.Debug|x86.ActiveCfg = Debug|Win32
		{8C736A25-B63B-428D-B243-9BD250109786}.Debug|x86.Build.0 = Debug|Win32
		{8C736A25-B63B-428D-B243-9BD250109786}.Release|x64.ActiveCfg = Release|x64
		{8C736A25-B63B-428D-B243-9BD250109786}.Release|x64.Build.0 = Release|x64
		{8C736A25-B63B-428D-B243-9BD250109786}.Release|x86.ActiveCfg = Release|Win32
		{8C736A25-B63B-428D-B243-9BD250109786}.Release|x86.Build.0 = Release|Win32
		{41451B0C-C428-4655-A892-4F5A5326EA00}.Debug|x64.ActiveCfg = Debug|x64
		{41451B0C-C428-4655-A892-4F5A5326EA00}.Debug|x64.Build.0 = Debug|x64
		{41451B0C-C428-4655-A892-4F5A5326EA00}.Debug|x86.ActiveCfg = Debug|Win32
		{41451B0C-C428-4655-A892-4F5A5326EA00}.Debug|x86.Build.0 = Debug|Win32
		{41451B0C-C428-4655-A892-4F5A5326EA00}.Release|x64.ActiveCfg = Release|x64
		{41451B0C-C428-4655-A892-4F5A5326EA00}.Release|x64.Build.0 = Release|x64
		{41451B0C-C428-4655-A892-4F5A5326EA00}.Release|x86.ActiveCfg = Release|Win32
		{41451B0C-C428-4655-A892-4F5A5326EA00}.Release|x86.Build.0 = Release|Win32
		{CDA089AC-356F-4520-BF2F-48236680080C}.Debug|x64.ActiveCfg = Debug|x64
		{CDA089AC-356F-4520-BF2F-48236680080C}.Debug|x64.Build.0 = Debug|x64
		{CDA089AC-356F-4520-BF2F-48236680080C}.Debug|x86.ActiveCfg = Debug|Win32
		{CDA089AC-356F-4520-BF2F-48236680080C}.Debug|x86.Build.0 = Debug|Win32
		{CDA089AC-356F-4520-BF2F-48236680080C}.Release|x64.ActiveCfg = Release|x64
		{CDA089AC-356F-4520-BF2F-48236680080C}.Release|x64.Build.0 = Release|x64
		{CDA089AC-356F-4520-BF2F-48236680080C}.Release|x86.ActiveCfg = Release|Win32
		{CDA089AC-356F-4520-BF2F-48236680080C}.Release|x86.Build.0 = Release|Win32
		{E751C695-940A-4949-A567-850BE16D6BBE}.Debug|x64.ActiveCfg = Debug|x64
		{E751C695-940A-4949-A567-850BE16D6BBE}.Debug|x64.Build.0 = Debug|x64
		{E751C695-940A-4949-A567-850BE16D6BBE}.Debug|x86.ActiveCfg = Debug|Win32
		{E751C695-940A-4949-A567-850BE16D6BBE}.Debug|x86.Build.0 = Debug|Win32
		{E751C695-940A-4949-A567-850BE16D6BBE}.Release|x64.ActiveCfg = Release|x64
		{E751C695-940A-4949-A567-850BE16D6BBE}.Release|x64.Build.0 = Release|x64
		{E751C695-940A-4949-A567-850BE16D6BBE}.Release|x86.ActiveCfg = Release|Win32
		{E751C695-940A-4949-A567-850BE16D6BBE}.Release|x86.Build.0 = Release|Win32
		{94189C6E-069F-4C1B-AA9F-1533614A728B}.Debug|x64.ActiveCfg = Debug|x64
		{94189C6E-069F-4C1B-AA9F-1533614A728B}.Debug|x64.Build.0 = Debug|x64
		{94189C6E-069F-4C1B-AA9F-1533614A728B}.Debug|x86.ActiveCfg = Debug|Win32
		{94189C6E-069F-4C1B-AA9F-1533614A728B}.Debug|x86.Build.0 = Debug|Win32
		{94189C6E-069F-4C1B-AA9F-1533614A728B}.Release|x64.ActiveCfg = Release|x64
		{94189C6E-069F-4C1B-AA9F-1533614A728B}.Release|x64.Build.0 = Release|x64
		{94189C6E-069F-4C1B-AA9F-1533614A728B}.Release|x86.ActiveCfg = Release|Win32
		{94189C6E-069F-4C1B-AA9F-1533614A728B}.Release|x86.Build.0 = Release|Win32
		{CA3D8582-5652-4551-A40E-234FB98C8819}.Debug|x64.ActiveCfg = Debug|x64
		{CA3D8582-5652-4551-A40E-234FB98C8819}.Debug|x64.Build.0 = Debug|x64
		{CA3D8582-5652-4551-A40E-234FB98C8819}.Debug|x86.ActiveCfg = Debug|Win32
		{CA3D8582-5652-4551-A40E-234FB98C8819}.Debug|x86.Build.0 = Debug|Win32
		{CA3D8582-5652-4551-A40E-234FB98C8819}.Release|x64.ActiveCfg = Release|x64
		{CA3D8582-5652-4551-A40E-234FB98C8819}.Release|x64.Build.0 = Release|x64
		{CA3D8582-5652-4551-A40E-234FB98C8819}.Release|x86.ActiveCfg = Release|Win32
		{CA3D8582-5652-4551-A40E-234FB98C8819}.Release|x86.Build.0 = Release|Win32
		{C50DADB2-96AB-4E32-80C3-1A32BCC8CBDB}.Debug|x64.ActiveCfg = Debug|x64
		{C50DADB2-96AB-4E32-80C3-1A32BCC8CBDB}.Debug|x64.Build.0 = Debug|x64
		{C50DADB2-96AB-4E32-80C3-1A32BCC8CBDB}.Debug|x86.ActiveCfg = Debug|Win32
		{C50DADB2-96AB-4E32-80C3-1A32BCC8CBDB}.Debug|x86.Build.0 = Debug|Win32
		{C50DADB2-96AB-4E32-80C3-1A32BCC8CBDB}.Release|x64.ActiveCfg = Release|x64
		{C50DADB2-96AB-4E32-80C3-1A32BCC8CBDB}.Release|x64.Build.0 = Release|x64
		{C50DADB2-96AB-4E32-80C3-1A32BCC8CBDB}.Release|x86.ActiveCfg = Release|Win32
		{C50DADB2-96AB-4E32-80C3-1A32BCC8CBDB}.Release|x86.Build.0 = Release|Win32
		{FA3413B2-C7A8-4018-810B-70157EAB0CE2}.Debug|x64.ActiveCfg = Debug|x64
		{FA3413B2-C7A8-4018-810B-70157EAB0CE2}.Debug|x64.Build.0 = Debug|x64
		{FA3413B2-C7A8-4018-810B-70157EAB0CE2}.Debug|x86.ActiveCfg = Debug|Win32
		{FA3413B2-C7A8-4018-810B-70157EAB0CE2}.Debug|x86.Build.0 = Debug|Win32
		{FA3413B2-C7A8-4018-810B-70157EAB0CE2}.Release|x64.ActiveCfg = Release|x64
		{FA3413B2-C7A8-4018-810B-70157EAB0CE2}.Release|x64.Build.0 = Release|x64
		{FA3413B2-C7A8-4018-810B-70157EAB0CE2}.Release|x86.ActiveCfg = Release|Win32
		{FA3413B2-C7A8-4018-810B-70157EAB0CE2}.Release|x86.Build.0 = Release|Win32
		{55781FBF-CA06-4496-A0D7-C6D5F21B35FB}.Debug|x64.ActiveCfg = Debug|x64
		{55781FBF-CA06-4496-A0D7-C6D5F21B35FB}.Debug|x64.Build.0 = Debug|x64
		{55781FBF-CA06-4496-A0D7-C6D5F21B35FB}.Debug|x86.ActiveCfg = Debug|Win32
		{55781FBF-CA06-4496-A0D7-C6D5F21B35FB}.Debug|x86.Build.0 = Debug|Win32
		{55781FBF-CA06-4496-A0D7-C6D5F21B35FB}.Release|x64.ActiveCfg = Release|x64
		{55781FBF-CA06-4496-A0D7-C6D5F21B35FB}.Release|x64.Build.0 = Release|x64
		{55781FBF-CA06-4496-A0D7-C6D5F21B35FB}.Release|x86.ActiveCfg = Release|Win32
		{55781FBF-CA06-4496-A0D7-C6D5F21B35FB}.Release|x86.Build.0 = Release|Win32
		{A479DBCB-2493-4BCE-961A-47C9F7C826A1}.Debug|x64.ActiveCfg = Debug|x64
		{A479DBCB-2493-4BCE-961A-47C9F7C826A1}.Debug|x64.Build.0 = Debug|x64
		{A479DBCB-2493-4BCE-961A-47C9F7C826A1}.Debug|x86.ActiveCfg = Debug|Win32
		{A479DBCB-2493-4BCE-961A-47C9F7C826A1}.Debug|x86.Build.0 = Debug|Win32
		{A479DBCB-2493-4BCE-961A-47C9F7C826A1}.Release|x64.ActiveCfg = Release|x64
		{A479DBCB-2493-4BCE-961A-47C9F7C826A1}.Release|x64.Build.0 = Release|x64
		{A479DBCB-2493-4BCE-961A-47C9F7C826A1}.Release|x86.ActiveCfg = Release|Win32
		{A479DBCB-2493-4BCE-961A-47C9F7C826A1}.Release|x86.Build.0 = Release|Win32
		{A2571C10-D611-42A5-AC20-7C9833804175}.Debug|x64.ActiveCfg = Debug|x64
		{A2571C10-D611-42A5-AC20-7C9833804175}.Debug|x64.Build.0 = Debug|x64
		{A2571C10-D611-42A5-AC20-7C9833804175}.Debug|x86.ActiveCfg = Debug|Win32
		{A2571C10-D611-42A5-AC20-7C9833804175}.Debug|x86.Build.0 = Debug|Win32
		{A2571C10-D611-42A5-AC20-7C9833804175}.Release|x64.ActiveCfg = Release|x64
		{A2571C10-D611-42A5-AC20-7C9833804175}.Release|x64.Build.0 = Release|x64
		{A2571C10-D611-42A5-AC20-7C9833804175}.Release|x86.ActiveCfg = Release|Win32
		{A2571C10-D611-42A5-AC20-7C9833804175}.Release|x86.Build.0 = Release|Win32
		{4B767DC4-D798-404C-A8A8-A7AD5C949648}.Debug|x64.ActiveCfg = Debug|x64
		{4B767DC4-D798-404C-A8A8-A7AD5C949648}.Debug|x64.Build.0 = Debug|x64
		{4B767DC4-D798-404C-A8A8-A7AD5C949648}.Debug|x86.ActiveCfg = Debug|Win32
		{4B767DC4-D798-404C-A8A8-A7AD5C949648}.Debug|x86.Build.0 = Debug|Win32
		{4B767DC4-D798-404C-A8A8-A7AD5C949648}.Release|x64.ActiveCfg = Release|x64
		{4B767DC4-D798-404C-A8A8-A7AD5C949648}.Release|x64.Build.0 = Release|x64
		{4B767DC4-D798-404C-A8A8-A7AD5C949648}.Release|x86.ActiveCfg = Release|Win32
		{4B767DC4-D798-404C-A8A8-A7AD5C949648}.Release|x86.Build.0 = Release|Win32
		{646D2AF8-2DBD-48E5-AFB8-EA233DE8FEBF}.Debug|x64.ActiveCfg = Debug|x64
		{646D2AF8-2DBD-48E5-AFB8-EA233DE8FEBF}.Debug|x64.Build.0 = Debug|x64
		{646D2AF8-2DBD-48E5-AFB8-EA233DE8FEBF}.Debug|x86.ActiveCfg = Debug|Win32
		{646D2AF8-2DBD-48E5-AFB8-EA233DE8FEBF}.Debug|x86.Build.0 = Debug|Win32
		{646D2AF8-2DBD-48E5-AFB8-EA233DE8FEBF}.Release|x64.ActiveCfg = Release|x64
		{646D2AF8-2DBD-48E5-AFB8-EA233DE8FEBF}.Release|x64.Build.0 = Release|x64
		{646D2AF8-2DBD-48E5-AFB8-EA233DE8FEBF}.Release|x86.ActiveCfg = Release|Win32
		{646D2AF8-2DBD-48E5-AFB8-EA233DE8FEBF}.Release|x86.Build.0 = Release|Win32
		{2F7C8CA2-4BDB-4823-AB42-F112182CB350}.Debug|x64.ActiveCfg = Debug|x64
		{2F7C8CA2-4BDB-4823-AB42-F112182CB350}.Debug|x64.Build.0 = Debug|x64
		{2F7C8CA2-4BDB-4823-AB42-F112182CB350}.Debug|x86.ActiveCfg = Debug|Win32
		{2F7C8CA2-4BDB-4823-AB42-F112182CB350}.Debug|x86.Build.0 = Debug|Win32
		{2F7C8CA2-4BDB-4823-AB42-F112182CB350}.Release|x64.ActiveCfg = Release|x64
		{2F7C8CA2-4BDB-4823-AB42-F112182CB350}.Release|x64.Build.0 = Release|x64
		{2F7C8CA2-4BDB-4823-AB42-F112182CB350}.Release|x86.ActiveCfg = Release|Win32
		{2F7C8CA2-4BDB-4823-AB42-F112182CB350}.Release|x86.Build.0 = Release|Win32
		{522EC13B-2D6D-411C-A456-B4789E03DA93}.Debug|x64.ActiveCfg = Debug|x64
		{522EC13B-2D6D-411C-A456-B4789E03DA93}.Debug|x64.Build.0 = Debug|x64
		{522EC13B-2D6D-411C-A456-B4789E03DA93}.Debug|x86.ActiveCfg = Debug|Win32
		{522EC13B-2D6D-411C-A456-B4789E03DA93}.Debug|x86.Build.0 = Debug|Win32
		{522EC13B-2D6D-411C-A456-B4789E03DA93}.Release|x64.ActiveCfg = Release|x64
		{522EC13B-2D6D-411C-A456-B4789E03DA93}.Release|x64.Build.0 = Release|x64
		{522EC13B-2D6D-411C-A456-B4789E03DA93}.Release|x86.ActiveCfg = Release|Win32
		{522EC13B-2D6D-411C-A456-B4789E03DA93}.Release|x86.Build.0 = Release|Win32
		{859EC4D9-58A7-4594-9510-8109AFB5BFDC}.Debug|x64.ActiveCfg = Debug|x64
		{859EC4D9-58A7-4594-9510-8109AFB5BFDC}.Debug|x64.Build.0 = Debug|x64
		{859EC4D9-58A7-4594-9510-8109AFB5BFDC}.Debug|x86.ActiveCfg = Debug|Win32
		{859EC4D9-58A7-4594-9510-8109AFB5BFDC}.Debug|x86.Build.0 = Debug|Win32
		{859EC4D9-58A7-4594-9510-8109AFB5BFDC}.Release|x64.ActiveCfg = Release|x64
		{859EC4D9-58A7-4594-9510-8109AFB5BFDC}.Release|x64.Build.0 = Release|x64
		{859EC4D9-58A7-4594-9510-8109AFB5BFDC}.Release|x86.ActiveCfg = Release|Win32
		{859EC4D9-58A7-4594-9510-8109AFB5BFDC}.Release|x86.Build.0 = Release|Win32
		{B8E3F4FA-6D64-46EF-A250-7BFADB43333C}.Debug|x64.ActiveCfg = Debug|x64
		{B8E3F4FA-6D64-46EF-A250-7BFADB43333C}.Debug|x64.Build.0 = Debug|x64
		{B8E3F4FA-6D64-46EF-A250-7BFADB43333C}.Debug|x86.ActiveCfg = Debug|Win32
		{B8E3F4FA-6D64-46EF-A250-7BFADB43333C}.Debug|x86.Build.0 = Debug|Win32
		{B8E3F4FA-6D64-46EF-A250-7BFADB43333C}.Release|x64.ActiveCfg = Release|x64
		{B8E3F4FA-6D64-46EF-A250-7BFADB43333C}.Release|x64.Build.0 = Release|x64
		{B8E3F4FA-6D64-46EF-A250-7BFADB43333C}.Release|x86.ActiveCfg = Release|Win32
		{B8E3F4FA-6D64-46EF-A250-7BFADB43333C}.Release|x86.Build.0 = Release|Win32
		{8218BC5E-18A3-46C8-93FB-6F2AF9661E54}.Debug|x64.ActiveCfg = Debug|x64
		{8218BC5E-18A3-46C8-93FB-6F2AF9661E54}.Debug|x64.Build.0 = Debug|x64
		{8218BC5E-18A3-46C8-93FB-6F2AF9661E54}.Debug|x86.ActiveCfg = Debug|Win32
		{8218BC5E-18A3-46C8-93FB-6F2AF9661E54}.Debug|x86.Build.0 = Debug|Win32
		{8218BC5E-18A3-46C8-93FB-6F2AF9661E54}.Release|x64.ActiveCfg = Release|x64
		{8218BC5E-18A3-46C8-93FB-6F2AF9661E54}.Release|x64.Build.0 = Release|x64
		{8218BC5E-18A3-46C8-93FB-6F2AF9661E54}.Release|x86.ActiveCfg = Release|Win32
		{8218BC5E-18A3-46C8-93FB-6F2AF9661E54}.Release|x86.Build.0 = Release|Win32
		{2D6A2E75-EA84-43B0-8325-BBDFBFC54C93}.Debug|x64.ActiveCfg = Debug|x64
		{2D6A2E75-EA84-43B0-8325-BBDFBFC54C93}.Debug|x64.Build.0 = Debug|x64
		{2D6A2E75-EA84-43B0-8325-BBDFBFC54C93}.Debug|x86.ActiveCfg = Debug|Win32
		{2D6A2E75-EA84-43B0-8325-BBDFBFC54C93}.Debug|x86.Build.0 = Debug|Win32
		{2D6A2E75-EA84-43B0-8325-BBDFBFC54C93}.Release|x64.ActiveCfg = Release|x64
		{2D6A2E75-EA84-43B0-8325-BBDFBFC54C93}.Release|x64.Build.0 = Release|x64
		{2D6A2E75-EA84-43B0-8325-BBDFBFC54C93}.Release|x86.ActiveCfg = Release|Win32
		{2D6A2E75-EA84-43B0-8325-BBDFBFC54C93}.Release|x86.Build.0 = Release|Win32
		{439405A2-4148-45DC-B08D-37998FA0723F}.Debug|x64.ActiveCfg = Debug|x64
		{439405A2-4148-45DC-B08D-37998FA0723F}.Debug|x64.Build.0 = Debug|x64
		{439405A2-4148-45DC-B08D-37998FA0723F}.Debug|x86.ActiveCfg = Debug|Win32
		{439405A2-4148-45DC-B08D-37998FA0723F}.Debug|x86.Build.0 = Debug|Win32
		{439405A2-4148-45DC-B08D-37998FA0723F}.Release|x64.ActiveCfg = Release|x64
		{439405A2-4148-45DC-B08D-37998FA0723F}.Release|x64.Build.0 = Release|x64
		{439405A2-4148-45DC-B08D-37998FA0723F}.Release|x86.ActiveCfg = Release|Win32
		{439405A2-4148-45DC-B08D-37998FA0723F}.Release|x86.Build.0 = Release|Win32
		{DA1B5AF0-96F6-48F8-B419-EE3B2FD43993}.Debug|x64.ActiveCfg = Debug|x64
		{DA1B5AF0-96F6-48F8-B419-EE3B2FD43993}.Debug|x64.Build.0 = Debug|x64
		{DA1B5AF0-96F6-48F8-B419-EE3B2FD43993}.Debug|x86.ActiveCfg = Debug|Win32
		{DA1B5AF0-96F6-48F8-B419-EE3B2FD43993}.Debug|x86.Build.0 = Debug|Win32
		{DA1B5AF0-96F6-48F8-B419-EE3B2FD43993}.Release|x64.ActiveCfg = Release|x64
		{DA1B5AF0-96F6-48F8-B419-EE3B2FD43993}.Release|x64.Build.0 = Release|x64
		{DA1B5AF0-96F6-48F8-B419-EE3B2FD43993}.Release|x86.ActiveCfg = Release|Win32
		{DA1B5AF0-96F6-48F8-B419-EE3B2FD43993}.Release|x86.Build.0 = Release|Win32
		{44F166C9-23FF-4A7A-B4B9-1C73455C1A39}.Debug|x64.ActiveCfg = Debug|x64
		{44F166C9-23FF-4A7A-B4B9-1C73455C1A39}.Debug|x64.Build.0 = Debug|x64
		{44F166C9-23FF-4A7A-B4B9-1C73455C1A39}.Debug|x86.ActiveCfg = Debug|Win32
		{44F166C9-23FF-4A7A-B4B9-1C73455C1A39}.Debug|x86.Build.0 = Debug|Win32
		{44F166C9-23FF-4A7A-B4B9-1C73455C1A39}.Release|x64.ActiveCfg = Release|x64
		{44F166C9-23FF-4A7A-B4B9-1C73455C1A39}.Release|x64.Build.0 = Release|x64
		{44F166C9-23FF-4A7A-B4B9-1C73455C1A39}.Release|x86.ActiveCfg = Release|Win32
		{44F166C9-23FF-4A7A-B4B9-1C73455C1A39}.Release|x86.Build.0 = Release|Win32
		{8E3B45D9-9A52-49E2-A63E-3D6FEC1B189D}.Debug|x64.ActiveCfg = Debug|x64
		{8E3B45D9-9A52-49E2-A63E-3D6FEC1B189D}.Debug|x64.Build.0 = Debug|x64
		{8E3B45D9-9A52-49E2-A63E-3D6FEC1B189D}.Debug|x86.ActiveCfg = Debug|Win32
		{8E3B45D9-9A52-49E2-A63E-3D6FEC1B189D}.Debug|x86.Build.0 = Debug|Win32
		{8E3B45D9-9A52-49E2-A63E-3D6FEC1B189D}.Release|x64.ActiveCfg = Release|x64
		{8E3B45D9-9A52-49E2-A63E-3D6FEC1B189D}.Release|x64.Build.0 = Release|x64
		{8E3B45D9-9A52-49E2-A63E-3D6FEC1B189D}.Release|x86.ActiveCfg = Release|Win32
		{8E3B45D9-9A52-49E2-A63E-3D6FEC1B189D}.Release|x86.Build.0 = Release|Win32
		{208A1E15-0F4B-4F58-97E0-54B59F24F0FE}.Debug|x64.ActiveCfg = Debug|x64
		{208A1E15-0F4B-4F58-97E0-54B59F24F0FE}.Debug|x64.Build.0 = Debug|x64
		{208A1E15-0F4B-4F58-97E0-54B59F24F0FE}.Debug|x86.ActiveCfg = Debug|Win32
		{208A1E15-0F4B-4F58-97E0-54B59F24F0FE}.Debug|x86.Build.0 = Debug|Win32
		{208A1E15-0F4B-4F58-97E0-54B59F24F0FE}.Release|x64.ActiveCfg = Release|x64
		{208A1E15-0F4B-4F58-97E0-54B59F24F0FE}.Release|x64.Build.0 = Release|x64
		{208A1E15-0F4B-4F58-97E0-54B59F24F0FE}.Release|x86.ActiveCfg = Release|Win32
		{208A1E15-0F4B-4F58-97E0-54B59F24F0FE}.Release|x86.Build.0 = Release|Win32
		{EF38461F-EDC6-4ED4-A442-302585CFED0A}.Debug|x64.ActiveCfg = Debug|x64
		{EF38461F-EDC6-4ED4-A442-302585CFED0A}.Debug|x64.Build.0 = Debug|x64
		{EF38461F-EDC6-4ED4-A442-302585CFED0A}.Debug|x86.ActiveCfg = Debug|Win32
		{EF38461F-EDC6-4ED4-A442-302585CFED0A}.Debug|x86.Build.0 = Debug|Win32
		{EF38461F-EDC6-4ED4-A442-302585CFED0A}.Release|x64.ActiveCfg = Release|x64
		{EF38461F-EDC6-4ED4-A442-302585CFED0A}.Release|x64.Build.0 = Release|x64
		{EF38461F-EDC6-4ED4-A442-302585CFED0A}.Release|x86.ActiveCfg = Release|Win32
		{EF38461F-EDC6-4ED4-A442-302585CFED0A}.Release|x86.Build.0 = Release|Win32
		{90523410-0D49-4EAC-B892-1AC9D65CE8E7}.Debug|x64.ActiveCfg = Debug|x64
		{90523410-0D49-4EAC-B892-1AC9D65CE8E7}.Debug|x64.Build.0 = Debug|x64
		{90523410-0D49-4EAC-B892-1AC9D65CE8E7}.Debug|x86.ActiveCfg = Debug|Win32
		{90523410-0D49-4EAC-B892-1AC9D65CE8E7}.Debug|x86.Build.0 = Debug|Win32
		{90523410-0D49-4EAC-B892-1AC9D65CE8E7}.Release|x64.ActiveCfg = Release|x64
		{90523410-0D49-4EAC-B892-1AC9D65CE8E7}.Release|x64.Build.0 = Release|x64
		{90523410-0D49-4EAC-B892-1AC9D65CE8E7}.Release|x86.ActiveCfg = Release|Win32
		{90523410-0D49-4EAC-B892-1AC9D65CE8E7}.Release|x86.Build.0 = Release|Win32
		{EFCA3147-9EBF-4F41-A47C-5B346B1A1C0D}.Debug|x64.ActiveCfg = Debug|x64
		{EFCA3147-9EBF-4F41-A47C-5B346B1A1C0D}.Debug|x64.Build.0 = Debug|x64
		{EFCA3147-9EBF-4F41-A47C-5B346B1A1C0D}.Debug|x86.ActiveCfg = Debug|Win32
		{EFCA3147-9EBF-4F41-A47C-5B346B1A1C0D}.Debug|x86.Build.0 = Debug|Win32
		{EFCA3147-9EBF-4F41-A47C-5B346B1A1C0D}.Release|x64.ActiveCfg = Release|x64
		{EFCA3147-9EBF-4F41-A47C-5B346B1A1C0D}.Release|x64.Build.0 = Release|x64
		{EFCA3147-9EBF-4F41-A47C-5B346B1A1C0D}.Release|x86.ActiveCfg = Release|Win32
		{EFCA3147-9EBF-4F41-A47C-5B346B1A1C0D}.Release|x86.Build.0 = Release|Win32
		{48B8B209-D9CA-41D4-BDDA-A54DB5F09652}.Debug|x64.ActiveCfg = Debug|x64
		{48B8B209-D9CA-41D4-BDDA-A54DB5F09652}.Debug|x64.Build.0 = Debug|x64
		{48B8B209-D9CA-41D4-BDDA-A54DB5F09652}.Debug|x86.ActiveCfg = Debug|Win32
		{48B8B209-D9CA-41D4-BDDA-A54DB5F09652}.Debug|x86.Build.0 = Debug|Win32
		{48B8B209-D9CA-41D4-BDDA-A54DB5F09652}.Release|x64.ActiveCfg = Release|x64
		{48B8B209-D9CA-41D4-BDDA-A54DB5F09652}.Release|x64.Build.0 = Release|x64
		{48B8B209-D9CA-41D4-BDDA-A54DB5F09652}.Release|x86.ActiveCfg = Release|Win32
		{48B8B209-D9CA-41D4-BDDA-A54DB5F09652}.Release|x86.Build.0 = Release|Win32
		{4B3CB132-963D-4C7A-BFB7-8DCE8626E04B}.Debug|x64.ActiveCfg = Debug|x64
		{4B3CB132-963D-4C7A-BFB7-8DCE8626E04B}.Debug|x64.Build.0 = Debug|x64
		{4B3CB132-963D-4C7A-BFB7-8DCE8626E04B}.Debug|x86.ActiveCfg = Debug|Win32
		{4B3CB132-963D-4C7A-BFB7-8DCE8626E04B}.Debug|x86.Build.0 = Debug|Win32
		{4B3CB132-963D-4C7A-BFB7-8DCE8626E04B}.Release|x64.ActiveCfg = Release|x64
		{4B3CB132-963D-4C7A-BFB7-8DCE8626E04B}.Release|x64.Build.0 = Release|x64
		{4B3CB132-963D-4C7A-BFB7-8DCE8626E04B}.Release|x86.ActiveCfg = Release|Win32
		{4B3CB132-963D-4C7A-BFB7-8DCE8626E04B}.Release|x86.Build.0 = Release|Win32
		{6437C4AC-38CD-4211-92BD-29AC333F85A2}.Debug|x64.ActiveCfg = Debug|x64
		{6437C4AC-38CD-4211-92BD-29AC333F85A2}.Debug|x64.Build.0 = Debug|x64
		{6437C4AC-38CD-4211-92BD-29AC333F85A2}.Debug|x86.ActiveCfg = Debug|Win32
		{6437C4AC-38CD-4211-92BD-29AC333F85A2}.Debug|x86.Build.0 = Debug|Win32
		{6437C4AC-38CD-4211-92BD-29AC333F85A2}.Release|x64.ActiveCfg = Release|x64
		{6437C4AC-38CD-4211-92BD-29AC333F85A2}.Release|x64.Build.0 = Release|x64
		{6437C4AC-38CD-4211-92BD-29AC333F85A2}.Release|x86.ActiveCfg = Release|Win32
		{6437C4AC-38CD-4211-92BD-29AC333F85A2}.Release|x86.Build.0 = Release|Win32
		{98D61AB0-AD9F-457F-97F6-F8E6CFBC8E46}.Debug|x64.ActiveCfg = Debug|x64
		{98D61AB0-AD9F-457F-97F6-F8E6CFBC8E46}.Debug|x64.Build.0 = Debug|x64
		{98D61AB0-AD9F-457F-97F6-F8E6CFBC8E46}.Debug|x86.ActiveCfg = Debug|Win32
		{98D61AB0-AD9F-457F-97F6-F8E6CFBC8E46}.Debug|x86.Build.0 = Debug|Win32
		{98D61AB0-AD9F-457F-97F6-F8E6CFBC8E46}.Release|x64.ActiveCfg = Release|x64
		{98D61AB0-AD9F-457F-97F6-F8E6CFBC8E46}.Release|x64.Build.0 = Release|x64
		{98D61AB0-AD9F-457F-97F6-F8E6CFBC8E46}.Release|x86.ActiveCfg = Release|Win32
		{98D61AB0-AD9F-457F-97F6-F8E6CFBC8E46}.Release|x86.Build.0 = Release|Win32
		{68B89AB3-3751-4588-A655-939942DE4D02}.Debug|x64.ActiveCfg = Debug|x64
		{68B89AB3-3751-4588-A655-939942DE4D02}.Debug|x64.Build.0 = Debug|x64
		{68B89AB3-3751-4588-A655-939942DE4D02}.Debug|x86.ActiveCfg = Debug|Win32
		{68B89AB3-3751-4588-A655-939942DE4D02}.Debug|x86.Build.0 = Debug|Win32
		{68B89AB3-3751-4588-A655-939942DE4D02}.Release|x64.ActiveCfg = Release|x64
		{68B89AB3-3751-4588-A655-939942DE4D02}.Release|x64.Build.0 = Release|x64
		{68B89AB3-3751-4588-A655-939942DE4D02}.Release|x86.ActiveCfg = Release|Win32
		{68B89AB3-3751-4588-A655-939942DE4D02}.Release|x86.Build.0 = Release|Win32
		{EAF96530-6B92-4BFE-B3F6-4F0C1ADD9242}.Debug|x64.ActiveCfg = Debug|x64
		{EAF96530-6B92-4BFE-B3F6-4F0C1ADD9242}.Debug|x64.Build.0 = Debug|x64
		{EAF96530-6B92-4BFE-B3F6-4F0C1ADD9242}.Debug|x86.ActiveCfg = Debug|Win32
		{EAF96530-6B92-4BFE-B3F6-4F0C1ADD9242}.Debug|x86.Build.0 = Debug|Win32
		{EAF96530-6B92-4BFE-B3F6-4F0C1ADD9242}.Release|x64.ActiveCfg = Release|x64
		{EAF96530-6B92-4BFE-B3F6-4F0C1ADD9242}.Release|x64.Build.0 = Release|x64
		{EAF96530-6B92-4BFE-B3F6-4F0C1ADD9242}.Release|x86.ActiveCfg = Release|Win32
		{EAF96530-6B92-4BFE-B3F6-4F0C1ADD9242}.Release|x86.Build.0 = Release|Win32
	EndGlobalSection
	GlobalSection(SolutionProperties) = preSolution
		HideSolutionNode = FALSE
	EndGlobalSection
	GlobalSection(ExtensibilityGlobals) = postSolution
		SolutionGuid = {3B4B2B3B-C1C8-43F8-AE46-83140DADE1E0}
	EndGlobalSection
EndGlobal
